
Microsoft Visual Studio Solution File, Format Version 12.00
# Visual Studio Version 16
VisualStudioVersion = 16.0.32126.315
MinimumVisualStudioVersion = 10.0.40219.1
Project("{FAE04EC0-301F-11D3-BF4B-00C04F79EFBC}") = "Buoi4_VoPhamNhutHao", "Buoi4_VoPhamNhutHao\Buoi4_VoPhamNhutHao.csproj", "{0D568B9E-D4AD-457A-BCB4-6F5D43FF1C86}"
EndProject
Global
	GlobalSection(SolutionConfigurationPlatforms) = preSolution
		Debug|Any CPU = Debug|Any CPU
		Release|Any CPU = Release|Any CPU
	EndGlobalSection
	GlobalSection(ProjectConfigurationPlatforms) = postSolution
		{0D568B9E-D4AD-457A-BCB4-6F5D43FF1C86}.Debug|Any CPU.ActiveCfg = Debug|Any CPU
		{0D568B9E-D4AD-457A-BCB4-6F5D43FF1C86}.Debug|Any CPU.Build.0 = Debug|Any CPU
		{0D568B9E-D4AD-457A-BCB4-6F5D43FF1C86}.Release|Any CPU.ActiveCfg = Release|Any CPU
		{0D568B9E-D4AD-457A-BCB4-6F5D43FF1C86}.Release|Any CPU.Build.0 = Release|Any CPU
	EndGlobalSection
	GlobalSection(SolutionProperties) = preSolution
		HideSolutionNode = FALSE
	EndGlobalSection
	GlobalSection(ExtensibilityGlobals) = postSolution
		SolutionGuid = {699E0E59-9EB8-4579-81B3-186A660D447F}
	EndGlobalSection
EndGlobal
